
Microsoft Visual Studio Solution File, Format Version 12.00
# Visual Studio Version 17
VisualStudioVersion = 17.14.36717.8 d17.14
MinimumVisualStudioVersion = 10.0.40219.1
Project("{FAE04EC0-301F-11D3-BF4B-00C04F79EFBC}") = "WorkflowEngineExercise", "WorkflowEngineExercise.csproj", "{E97310DA-8FBD-42D3-8B1F-98A33558E8FD}"
EndProject
Global
	GlobalSection(SolutionConfigurationPlatforms) = preSolution
		Debug|Any CPU = Debug|Any CPU
		Release|Any CPU = Release|Any CPU
	EndGlobalSection
	GlobalSection(ProjectConfigurationPlatforms) = postSolution
		{E97310DA-8FBD-42D3-8B1F-98A33558E8FD}.Debug|Any CPU.ActiveCfg = Debug|Any CPU
		{E97310DA-8FBD-42D3-8B1F-98A33558E8FD}.Debug|Any CPU.Build.0 = Debug|Any CPU
		{E97310DA-8FBD-42D3-8B1F-98A33558E8FD}.Release|Any CPU.ActiveCfg = Release|Any CPU
		{E97310DA-8FBD-42D3-8B1F-98A33558E8FD}.Release|Any CPU.Build.0 = Release|Any CPU
	EndGlobalSection
	GlobalSection(SolutionProperties) = preSolution
		HideSolutionNode = FALSE
	EndGlobalSection
	GlobalSection(ExtensibilityGlobals) = postSolution
		SolutionGuid = {CBD9188D-A83B-401C-B22E-BDEFB42838AB}
	EndGlobalSection
EndGlobal
